
Microsoft Visual Studio Solution File, Format Version 12.00
# Visual Studio Version 16
VisualStudioVersion = 16.0.31729.503
MinimumVisualStudioVersion = 10.0.40219.1
Project("{FAE04EC0-301F-11D3-BF4B-00C04F79EFBC}") = "blazor.treeview", "blazor.treeview\blazor.treeview.csproj", "{AB30B954-F045-4AA4-BD0E-D83429077F7A}"
EndProject
Global
	GlobalSection(SolutionConfigurationPlatforms) = preSolution
		Debug|Any CPU = Debug|Any CPU
		Release|Any CPU = Release|Any CPU
	EndGlobalSection
	GlobalSection(ProjectConfigurationPlatforms) = postSolution
		{AB30B954-F045-4AA4-BD0E-D83429077F7A}.Debug|Any CPU.ActiveCfg = Debug|Any CPU
		{AB30B954-F045-4AA4-BD0E-D83429077F7A}.Debug|Any CPU.Build.0 = Debug|Any CPU
		{AB30B954-F045-4AA4-BD0E-D83429077F7A}.Release|Any CPU.ActiveCfg = Release|Any CPU
		{AB30B954-F045-4AA4-BD0E-D83429077F7A}.Release|Any CPU.Build.0 = Release|Any CPU
	EndGlobalSection
	GlobalSection(SolutionProperties) = preSolution
		HideSolutionNode = FALSE
	EndGlobalSection
	GlobalSection(ExtensibilityGlobals) = postSolution
		SolutionGuid = {EF555033-2317-4146-9D58-0A5142DA0A2E}
	EndGlobalSection
EndGlobal
